
Microsoft Visual Studio Solution File, Format Version 12.00
# Visual Studio 2012
Project("{FAE04EC0-301F-11D3-BF4B-00C04F79EFBC}") = "KnowledgeGraph", "KnowledgeGraph\KnowledgeGraph.csproj", "{5F1EF527-3496-4E0D-A35A-4A49EEB69398}"
EndProject
Global
	GlobalSection(SolutionConfigurationPlatforms) = preSolution
		Debug|Any CPU = Debug|Any CPU
		Release|Any CPU = Release|Any CPU
	EndGlobalSection
	GlobalSection(ProjectConfigurationPlatforms) = postSolution
		{5F1EF527-3496-4E0D-A35A-4A49EEB69398}.Debug|Any CPU.ActiveCfg = Debug|Any CPU
		{5F1EF527-3496-4E0D-A35A-4A49EEB69398}.Debug|Any CPU.Build.0 = Debug|Any CPU
		{5F1EF527-3496-4E0D-A35A-4A49EEB69398}.Release|Any CPU.ActiveCfg = Release|Any CPU
		{5F1EF527-3496-4E0D-A35A-4A49EEB69398}.Release|Any CPU.Build.0 = Release|Any CPU
	EndGlobalSection
	GlobalSection(SolutionProperties) = preSolution
		HideSolutionNode = FALSE
	EndGlobalSection
EndGlobal
